// !$*UTF8*$!
{
	archiveVersion = 1;
	classes = {
	};
	objectVersion = 56;
	objects = {

/* Begin PBXBuildFile section */
		D51A10D32BAE05DC009D33FC /* AppDelegate.swift in Sources */ = {isa = PBXBuildFile; fileRef = D51A10D22BAE05DC009D33FC /* AppDelegate.swift */; };
		D51A10D52BAE05DC009D33FC /* SceneDelegate.swift in Sources */ = {isa = PBXBuildFile; fileRef = D51A10D42BAE05DC009D33FC /* SceneDelegate.swift */; };
		D51A10D72BAE05DC009D33FC /* ParamsViewController.swift in Sources */ = {isa = PBXBuildFile; fileRef = D51A10D62BAE05DC009D33FC /* ParamsViewController.swift */; };
		D51A10DC2BAE05DD009D33FC /* Assets.xcassets in Resources */ = {isa = PBXBuildFile; fileRef = D51A10DB2BAE05DD009D33FC /* Assets.xcassets */; };
		D51A10DF2BAE05DD009D33FC /* LaunchScreen.storyboard in Resources */ = {isa = PBXBuildFile; fileRef = D51A10DD2BAE05DD009D33FC /* LaunchScreen.storyboard */; };
		D51A10E72BAED358009D33FC /* SimulateViewController.swift in Sources */ = {isa = PBXBuildFile; fileRef = D51A10E62BAED358009D33FC /* SimulateViewController.swift */; };
		D51A10EB2BAEE20E009D33FC /* CollectionViewCell.swift in Sources */ = {isa = PBXBuildFile; fileRef = D51A10EA2BAEE20E009D33FC /* CollectionViewCell.swift */; };
		D51A10ED2BB02386009D33FC /* VirusSimulationQueue.swift in Sources */ = {isa = PBXBuildFile; fileRef = D51A10EC2BB02386009D33FC /* VirusSimulationQueue.swift */; };
/* End PBXBuildFile section */

/* Begin PBXFileReference section */
		D51A10CF2BAE05DC009D33FC /* VirusSimulator-ios.app */ = {isa = PBXFileReference; explicitFileType = wrapper.application; includeInIndex = 0; path = "VirusSimulator-ios.app"; sourceTree = BUILT_PRODUCTS_DIR; };
		D51A10D22BAE05DC009D33FC /* AppDelegate.swift */ = {isa = PBXFileReference; lastKnownFileType = sourcecode.swift; path = AppDelegate.swift; sourceTree = "<group>"; };
		D51A10D42BAE05DC009D33FC /* SceneDelegate.swift */ = {isa = PBXFileReference; lastKnownFileType = sourcecode.swift; path = SceneDelegate.swift; sourceTree = "<group>"; };
		D51A10D62BAE05DC009D33FC /* ParamsViewController.swift */ = {isa = PBXFileReference; lastKnownFileType = sourcecode.swift; path = ParamsViewController.swift; sourceTree = "<group>"; };
		D51A10DB2BAE05DD009D33FC /* Assets.xcassets */ = {isa = PBXFileReference; lastKnownFileType = folder.assetcatalog; path = Assets.xcassets; sourceTree = "<group>"; };
		D51A10DE2BAE05DD009D33FC /* Base */ = {isa = PBXFileReference; lastKnownFileType = file.storyboard; name = Base; path = Base.lproj/LaunchScreen.storyboard; sourceTree = "<group>"; };
		D51A10E02BAE05DD009D33FC /* Info.plist */ = {isa = PBXFileReference; lastKnownFileType = text.plist.xml; path = Info.plist; sourceTree = "<group>"; };
		D51A10E62BAED358009D33FC /* SimulateViewController.swift */ = {isa = PBXFileReference; lastKnownFileType = sourcecode.swift; path = SimulateViewController.swift; sourceTree = "<group>"; };
		D51A10EA2BAEE20E009D33FC /* CollectionViewCell.swift */ = {isa = PBXFileReference; lastKnownFileType = sourcecode.swift; path = CollectionViewCell.swift; sourceTree = "<group>"; };
		D51A10EC2BB02386009D33FC /* VirusSimulationQueue.swift */ = {isa = PBXFileReference; lastKnownFileType = sourcecode.swift; path = VirusSimulationQueue.swift; sourceTree = "<group>"; };
/* End PBXFileReference section */

/* Begin PBXFrameworksBuildPhase section */
		D51A10CC2BAE05DC009D33FC /* Frameworks */ = {
			isa = PBXFrameworksBuildPhase;
			buildActionMask = 2147483647;
			files = (
			);
			runOnlyForDeploymentPostprocessing = 0;
		};
/* End PBXFrameworksBuildPhase section */

/* Begin PBXGroup section */
		D51A10C62BAE05DC009D33FC = {
			isa = PBXGroup;
			children = (
				D51A10D12BAE05DC009D33FC /* VirusSimulator-ios */,
				D51A10D02BAE05DC009D33FC /* Products */,
			);
			sourceTree = "<group>";
		};
		D51A10D02BAE05DC009D33FC /* Products */ = {
			isa = PBXGroup;
			children = (
				D51A10CF2BAE05DC009D33FC /* VirusSimulator-ios.app */,
			);
			name = Products;
			sourceTree = "<group>";
		};
		D51A10D12BAE05DC009D33FC /* VirusSimulator-ios */ = {
			isa = PBXGroup;
			children = (
				D51A10D22BAE05DC009D33FC /* AppDelegate.swift */,
				D51A10D42BAE05DC009D33FC /* SceneDelegate.swift */,
				D51A10D62BAE05DC009D33FC /* ParamsViewController.swift */,
				D51A10E62BAED358009D33FC /* SimulateViewController.swift */,
				D51A10EA2BAEE20E009D33FC /* CollectionViewCell.swift */,
				D51A10EC2BB02386009D33FC /* VirusSimulationQueue.swift */,
				D51A10DB2BAE05DD009D33FC /* Assets.xcassets */,
				D51A10DD2BAE05DD009D33FC /* LaunchScreen.storyboard */,
				D51A10E02BAE05DD009D33FC /* Info.plist */,
			);
			path = "VirusSimulator-ios";
			sourceTree = "<group>";
		};
/* End PBXGroup section */

/* Begin PBXNativeTarget section */
		D51A10CE2BAE05DC009D33FC /* VirusSimulator-ios */ = {
			isa = PBXNativeTarget;
			buildConfigurationList = D51A10E32BAE05DD009D33FC /* Build configuration list for PBXNativeTarget "VirusSimulator-ios" */;
			buildPhases = (
				D51A10CB2BAE05DC009D33FC /* Sources */,
				D51A10CC2BAE05DC009D33FC /* Frameworks */,
				D51A10CD2BAE05DC009D33FC /* Resources */,
			);
			buildRules = (
			);
			dependencies = (
			);
			name = "VirusSimulator-ios";
			productName = "VirusSimulator-ios";
			productReference = D51A10CF2BAE05DC009D33FC /* VirusSimulator-ios.app */;
			productType = "com.apple.product-type.application";
		};
/* End PBXNativeTarget section */

/* Begin PBXProject section */
		D51A10C72BAE05DC009D33FC /* Project object */ = {
			isa = PBXProject;
			attributes = {
				BuildIndependentTargetsInParallel = 1;
				LastSwiftUpdateCheck = 1520;
				LastUpgradeCheck = 1520;
				TargetAttributes = {
					D51A10CE2BAE05DC009D33FC = {
						CreatedOnToolsVersion = 15.2;
					};
				};
			};
			buildConfigurationList = D51A10CA2BAE05DC009D33FC /* Build configuration list for PBXProject "VirusSimulator-ios" */;
			compatibilityVersion = "Xcode 14.0";
			developmentRegion = en;
			hasScannedForEncodings = 0;
			knownRegions = (
				en,
				Base,
			);
			mainGroup = D51A10C62BAE05DC009D33FC;
			productRefGroup = D51A10D02BAE05DC009D33FC /* Products */;
			projectDirPath = "";
			projectRoot = "";
			targets = (
				D51A10CE2BAE05DC009D33FC /* VirusSimulator-ios */,
			);
		};
/* End PBXProject section */

/* Begin PBXResourcesBuildPhase section */
		D51A10CD2BAE05DC009D33FC /* Resources */ = {
			isa = PBXResourcesBuildPhase;
			buildActionMask = 2147483647;
			files = (
				D51A10DF2BAE05DD009D33FC /* LaunchScreen.storyboard in Resources */,
				D51A10DC2BAE05DD009D33FC /* Assets.xcassets in Resources */,
			);
			runOnlyForDeploymentPostprocessing = 0;
		};
/* End PBXResourcesBuildPhase section */

/* Begin PBXSourcesBuildPhase section */
		D51A10CB2BAE05DC009D33FC /* Sources */ = {
			isa = PBXSourcesBuildPhase;
			buildActionMask = 2147483647;
			files = (
				D51A10D72BAE05DC009D33FC /* ParamsViewController.swift in Sources */,
				D51A10ED2BB02386009D33FC /* VirusSimulationQueue.swift in Sources */,
				D51A10D32BAE05DC009D33FC /* AppDelegate.swift in Sources */,
				D51A10EB2BAEE20E009D33FC /* CollectionViewCell.swift in Sources */,
				D51A10E72BAED358009D33FC /* SimulateViewController.swift in Sources */,
				D51A10D52BAE05DC009D33FC /* SceneDelegate.swift in Sources */,
			);
			runOnlyForDeploymentPostprocessing = 0;
		};
/* End PBXSourcesBuildPhase section */

/* Begin PBXVariantGroup section */
		D51A10DD2BAE05DD009D33FC /* LaunchScreen.storyboard */ = {
			isa = PBXVariantGroup;
			children = (
				D51A10DE2BAE05DD009D33FC /* Base */,
			);
			name = LaunchScreen.storyboard;
			sourceTree = "<group>";
		};
/* End PBXVariantGroup section */

/* Begin XCBuildConfiguration section */
		D51A10E12BAE05DD009D33FC /* Debug */ = {
			isa = XCBuildConfiguration;
			buildSettings = {
				ALWAYS_SEARCH_USER_PATHS = NO;
				ASSETCATALOG_COMPILER_GENERATE_SWIFT_ASSET_SYMBOL_EXTENSIONS = YES;
				CLANG_ANALYZER_NONNULL = YES;
				CLANG_ANALYZER_NUMBER_OBJECT_CONVERSION = YES_AGGRESSIVE;
				CLANG_CXX_LANGUAGE_STANDARD = "gnu++20";
				CLANG_ENABLE_MODULES = YES;
				CLANG_ENABLE_OBJC_ARC = YES;
				CLANG_ENABLE_OBJC_WEAK = YES;
				CLANG_WARN_BLOCK_CAPTURE_AUTORELEASING = YES;
				CLANG_WARN_BOOL_CONVERSION = YES;
				CLANG_WARN_COMMA = YES;
				CLANG_WARN_CONSTANT_CONVERSION = YES;
				CLANG_WARN_DEPRECATED_OBJC_IMPLEMENTATIONS = YES;
				CLANG_WARN_DIRECT_OBJC_ISA_USAGE = YES_ERROR;
				CLANG_WARN_DOCUMENTATION_COMMENTS = YES;
				CLANG_WARN_EMPTY_BODY = YES;
				CLANG_WARN_ENUM_CONVERSION = YES;
				CLANG_WARN_INFINITE_RECURSION = YES;
				CLANG_WARN_INT_CONVERSION = YES;
				CLANG_WARN_NON_LITERAL_NULL_CONVERSION = YES;
				CLANG_WARN_OBJC_IMPLICIT_RETAIN_SELF = YES;
				CLANG_WARN_OBJC_LITERAL_CONVERSION = YES;
				CLANG_WARN_OBJC_ROOT_CLASS = YES_ERROR;
				CLANG_WARN_QUOTED_INCLUDE_IN_FRAMEWORK_HEADER = YES;
				CLANG_WARN_RANGE_LOOP_ANALYSIS = YES;
				CLANG_WARN_STRICT_PROTOTYPES = YES;
				CLANG_WARN_SUSPICIOUS_MOVE = YES;
				CLANG_WARN_UNGUARDED_AVAILABILITY = YES_AGGRESSIVE;
				CLANG_WARN_UNREACHABLE_CODE = YES;
				CLANG_WARN__DUPLICATE_METHOD_MATCH = YES;
				COPY_PHASE_STRIP = NO;
				DEBUG_INFORMATION_FORMAT = dwarf;
				ENABLE_STRICT_OBJC_MSGSEND = YES;
				ENABLE_TESTABILITY = YES;
				ENABLE_USER_SCRIPT_SANDBOXING = YES;
				GCC_C_LANGUAGE_STANDARD = gnu17;
				GCC_DYNAMIC_NO_PIC = NO;
				GCC_NO_COMMON_BLOCKS = YES;
				GCC_OPTIMIZATION_LEVEL = 0;
				GCC_PREPROCESSOR_DEFINITIONS = (
					"DEBUG=1",
					"$(inherited)",
				);
				GCC_WARN_64_TO_32_BIT_CONVERSION = YES;
				GCC_WARN_ABOUT_RETURN_TYPE = YES_ERROR;
				GCC_WARN_UNDECLARED_SELECTOR = YES;
				GCC_WARN_UNINITIALIZED_AUTOS = YES_AGGRESSIVE;
				GCC_WARN_UNUSED_FUNCTION = YES;
				GCC_WARN_UNUSED_VARIABLE = YES;
				IPHONEOS_DEPLOYMENT_TARGET = 15.0;
				LOCALIZATION_PREFERS_STRING_CATALOGS = YES;
				MTL_ENABLE_DEBUG_INFO = INCLUDE_SOURCE;
				MTL_FAST_MATH = YES;
				ONLY_ACTIVE_ARCH = YES;
				SDKROOT = iphoneos;
				SWIFT_ACTIVE_COMPILATION_CONDITIONS = "DEBUG $(inherited)";
				SWIFT_OPTIMIZATION_LEVEL = "-Onone";
			};
			name = Debug;
		};
		D51A10E22BAE05DD009D33FC /* Release */ = {
			isa = XCBuildConfiguration;
			buildSettings = {
				ALWAYS_SEARCH_USER_PATHS = NO;
				ASSETCATALOG_COMPILER_GENERATE_SWIFT_ASSET_SYMBOL_EXTENSIONS = YES;
				CLANG_ANALYZER_NONNULL = YES;
				CLANG_ANALYZER_NUMBER_OBJECT_CONVERSION = YES_AGGRESSIVE;
				CLANG_CXX_LANGUAGE_STANDARD = "gnu++20";
				CLANG_ENABLE_MODULES = YES;
				CLANG_ENABLE_OBJC_ARC = YES;
				CLANG_ENABLE_OBJC_WEAK = YES;
				CLANG_WARN_BLOCK_CAPTURE_AUTORELEASING = YES;
				CLANG_WARN_BOOL_CONVERSION = YES;
				CLANG_WARN_COMMA = YES;
				CLANG_WARN_CONSTANT_CONVERSION = YES;
				CLANG_WARN_DEPRECATED_OBJC_IMPLEMENTATIONS = YES;
				CLANG_WARN_DIRECT_OBJC_ISA_USAGE = YES_ERROR;
				CLANG_WARN_DOCUMENTATION_COMMENTS = YES;
				CLANG_WARN_EMPTY_BODY = YES;
				CLANG_WARN_ENUM_CONVERSION = YES;
				CLANG_WARN_INFINITE_RECURSION = YES;
				CLANG_WARN_INT_CONVERSION = YES;
				CLANG_WARN_NON_LITERAL_NULL_CONVERSION = YES;
				CLANG_WARN_OBJC_IMPLICIT_RETAIN_SELF = YES;
				CLANG_WARN_OBJC_LITERAL_CONVERSION = YES;
				CLANG_WARN_OBJC_ROOT_CLASS = YES_ERROR;
				CLANG_WARN_QUOTED_INCLUDE_IN_FRAMEWORK_HEADER = YES;
				CLANG_WARN_RANGE_LOOP_ANALYSIS = YES;
				CLANG_WARN_STRICT_PROTOTYPES = YES;
				CLANG_WARN_SUSPICIOUS_MOVE = YES;
				CLANG_WARN_UNGUARDED_AVAILABILITY = YES_AGGRESSIVE;
				CLANG_WARN_UNREACHABLE_CODE = YES;
				CLANG_WARN__DUPLICATE_METHOD_MATCH = YES;
				COPY_PHASE_STRIP = NO;
				DEBUG_INFORMATION_FORMAT = "dwarf-with-dsym";
				ENABLE_NS_ASSERTIONS = NO;
				ENABLE_STRICT_OBJC_MSGSEND = YES;
				ENABLE_USER_SCRIPT_SANDBOXING = YES;
				GCC_C_LANGUAGE_STANDARD = gnu17;
				GCC_NO_COMMON_BLOCKS = YES;
				GCC_WARN_64_TO_32_BIT_CONVERSION = YES;
				GCC_WARN_ABOUT_RETURN_TYPE = YES_ERROR;
				GCC_WARN_UNDECLARED_SELECTOR = YES;
				GCC_WARN_UNINITIALIZED_AUTOS = YES_AGGRESSIVE;
				GCC_WARN_UNUSED_FUNCTION = YES;
				GCC_WARN_UNUSED_VARIABLE = YES;
				IPHONEOS_DEPLOYMENT_TARGET = 15.0;
				LOCALIZATION_PREFERS_STRING_CATALOGS = YES;
				MTL_ENABLE_DEBUG_INFO = NO;
				MTL_FAST_MATH = YES;
				SDKROOT = iphoneos;
				SWIFT_COMPILATION_MODE = wholemodule;
				VALIDATE_PRODUCT = YES;
			};
			name = Release;
		};
		D51A10E42BAE05DD009D33FC /* Debug */ = {
			isa = XCBuildConfiguration;
			buildSettings = {
				ASSETCATALOG_COMPILER_APPICON_NAME = AppIcon;
				ASSETCATALOG_COMPILER_GLOBAL_ACCENT_COLOR_NAME = AccentColor;
				CODE_SIGN_STYLE = Automatic;
				CURRENT_PROJECT_VERSION = 1;
				DEVELOPMENT_TEAM = N59AC9US2Q;
				GENERATE_INFOPLIST_FILE = YES;
				INFOPLIST_FILE = "VirusSimulator-ios/Info.plist";
				INFOPLIST_KEY_UIApplicationSupportsIndirectInputEvents = YES;
				INFOPLIST_KEY_UILaunchStoryboardName = LaunchScreen;
				INFOPLIST_KEY_UISupportedInterfaceOrientations_iPad = "UIInterfaceOrientationPortrait UIInterfaceOrientationPortraitUpsideDown UIInterfaceOrientationLandscapeLeft UIInterfaceOrientationLandscapeRight";
				INFOPLIST_KEY_UISupportedInterfaceOrientations_iPhone = "UIInterfaceOrientationPortrait UIInterfaceOrientationLandscapeLeft UIInterfaceOrientationLandscapeRight";
				IPHONEOS_DEPLOYMENT_TARGET = 15.0;
				LD_RUNPATH_SEARCH_PATHS = (
					"$(inherited)",
					"@executable_path/Frameworks",
				);
				MARKETING_VERSION = 1.0;
				PRODUCT_BUNDLE_IDENTIFIER = "ru.t1k1.VirusSimulator-ios";
				PRODUCT_NAME = "$(TARGET_NAME)";
				SUPPORTED_PLATFORMS = "iphoneos iphonesimulator";
				SUPPORTS_MACCATALYST = NO;
				SUPPORTS_MAC_DESIGNED_FOR_IPHONE_IPAD = NO;
				SUPPORTS_XR_DESIGNED_FOR_IPHONE_IPAD = NO;
				SWIFT_EMIT_LOC_STRINGS = YES;
				SWIFT_VERSION = 5.0;
				TARGETED_DEVICE_FAMILY = 1;
			};
			name = Debug;
		};
		D51A10E52BAE05DD009D33FC /* Release */ = {
			isa = XCBuildConfiguration;
			buildSettings = {
				ASSETCATALOG_COMPILER_APPICON_NAME = AppIcon;
				ASSETCATALOG_COMPILER_GLOBAL_ACCENT_COLOR_NAME = AccentColor;
				CODE_SIGN_STYLE = Automatic;
				CURRENT_PROJECT_VERSION = 1;
				DEVELOPMENT_TEAM = N59AC9US2Q;
				GENERATE_INFOPLIST_FILE = YES;
				INFOPLIST_FILE = "VirusSimulator-ios/Info.plist";
				INFOPLIST_KEY_UIApplicationSupportsIndirectInputEvents = YES;
				INFOPLIST_KEY_UILaunchStoryboardName = LaunchScreen;
				INFOPLIST_KEY_UISupportedInterfaceOrientations_iPad = "UIInterfaceOrientationPortrait UIInterfaceOrientationPortraitUpsideDown UIInterfaceOrientationLandscapeLeft UIInterfaceOrientationLandscapeRight";
				INFOPLIST_KEY_UISupportedInterfaceOrientations_iPhone = "UIInterfaceOrientationPortrait UIInterfaceOrientationLandscapeLeft UIInterfaceOrientationLandscapeRight";
				IPHONEOS_DEPLOYMENT_TARGET = 15.0;
				LD_RUNPATH_SEARCH_PATHS = (
					"$(inherited)",
					"@executable_path/Frameworks",
				);
				MARKETING_VERSION = 1.0;
				PRODUCT_BUNDLE_IDENTIFIER = "ru.t1k1.VirusSimulator-ios";
				PRODUCT_NAME = "$(TARGET_NAME)";
				SUPPORTED_PLATFORMS = "iphoneos iphonesimulator";
				SUPPORTS_MACCATALYST = NO;
				SUPPORTS_MAC_DESIGNED_FOR_IPHONE_IPAD = NO;
				SUPPORTS_XR_DESIGNED_FOR_IPHONE_IPAD = NO;
				SWIFT_EMIT_LOC_STRINGS = YES;
				SWIFT_VERSION = 5.0;
				TARGETED_DEVICE_FAMILY = 1;
			};
			name = Release;
		};
/* End XCBuildConfiguration section */

/* Begin XCConfigurationList section */
		D51A10CA2BAE05DC009D33FC /* Build configuration list for PBXProject "VirusSimulator-ios" */ = {
			isa = XCConfigurationList;
			buildConfigurations = (
				D51A10E12BAE05DD009D33FC /* Debug */,
				D51A10E22BAE05DD009D33FC /* Release */,
			);
			defaultConfigurationIsVisible = 0;
			defaultConfigurationName = Release;
		};
		D51A10E32BAE05DD009D33FC /* Build configuration list for PBXNativeTarget "VirusSimulator-ios" */ = {
			isa = XCConfigurationList;
			buildConfigurations = (
				D51A10E42BAE05DD009D33FC /* Debug */,
				D51A10E52BAE05DD009D33FC /* Release */,
			);
			defaultConfigurationIsVisible = 0;
			defaultConfigurationName = Release;
		};
/* End XCConfigurationList section */
	};
	rootObject = D51A10C72BAE05DC009D33FC /* Project object */;
}
